
Microsoft Visual Studio Solution File, Format Version 12.00
# Visual Studio Version 17
VisualStudioVersion = 17.5.33414.496
MinimumVisualStudioVersion = 10.0.40219.1
Project("{8BC9CEB8-8B4A-11D0-8D11-00A0C91BC942}") = "Game", "Game.vcxproj", "{030325F2-EF56-486D-9AE3-ED9CCAFC93F0}"
EndProject
Global
	GlobalSection(SolutionConfigurationPlatforms) = preSolution
		Debug|x64 = Debug|x64
		Debug|x86 = Debug|x86
		Release|x64 = Release|x64
		Release|x86 = Release|x86
	EndGlobalSection
	GlobalSection(ProjectConfigurationPlatforms) = postSolution
		{030325F2-EF56-486D-9AE3-ED9CCAFC93F0}.Debug|x64.ActiveCfg = Debug|x64
		{030325F2-EF56-486D-9AE3-ED9CCAFC93F0}.Debug|x64.Build.0 = Debug|x64
		{030325F2-EF56-486D-9AE3-ED9CCAFC93F0}.Debug|x86.ActiveCfg = Debug|Win32
		{030325F2-EF56-486D-9AE3-ED9CCAFC93F0}.Debug|x86.Build.0 = Debug|Win32
		{030325F2-EF56-486D-9AE3-ED9CCAFC93F0}.Release|x64.ActiveCfg = Release|x64
		{030325F2-EF56-486D-9AE3-ED9CCAFC93F0}.Release|x64.Build.0 = Release|x64
		{030325F2-EF56-486D-9AE3-ED9CCAFC93F0}.Release|x86.ActiveCfg = Release|Win32
		{030325F2-EF56-486D-9AE3-ED9CCAFC93F0}.Release|x86.Build.0 = Release|Win32
	EndGlobalSection
	GlobalSection(SolutionProperties) = preSolution
		HideSolutionNode = FALSE
	EndGlobalSection
	GlobalSection(ExtensibilityGlobals) = postSolution
		SolutionGuid = {893390D9-855D-418A-82AF-379E1F700DB7}
	EndGlobalSection
EndGlobal
